<?xml version="1.0" encoding="utf-8"?>
<Project ToolsVersion="4.0" xmlns="http://schemas.microsoft.com/developer/msbuild/2003">
  <ItemGroup>
    <ClCompile Include="_win32entry\dllmain.cpp">
      <Filter>_win32entry</Filter>
    </ClCompile>
    <ClCompile Include="Helpers\Dear ImGui\misc\freetype\imgui_freetype.cpp">
      <Filter>Helpers\Dear ImGui\misc\freetype</Filter>
    </ClCompile>
    <ClCompile Include="_vs\pch.cpp">
      <Filter>_vs</Filter>
    </ClCompile>
    <ClCompile Include="Helpers\Dear ImGui\imgui.cpp">
      <Filter>Helpers\Dear ImGui</Filter>
    </ClCompile>
    <ClCompile Include="Helpers\Dear ImGui\imgui_demo.cpp">
      <Filter>Helpers\Dear ImGui</Filter>
    </ClCompile>
    <ClCompile Include="Helpers\Dear ImGui\imgui_draw.cpp">
      <Filter>Helpers\Dear ImGui</Filter>
    </ClCompile>
    <ClCompile Include="Helpers\Dear ImGui\imgui_tables.cpp">
      <Filter>Helpers\Dear ImGui</Filter>
    </ClCompile>
    <ClCompile Include="Helpers\Dear ImGui\imgui_widgets.cpp">
      <Filter>Helpers\Dear ImGui</Filter>
    </ClCompile>
    <ClCompile Include="Helpers\Dear ImGui\backends\imgui_impl_dx9.cpp">
      <Filter>Helpers\Dear ImGui\backends</Filter>
    </ClCompile>
    <ClCompile Include="Helpers\Dear ImGui\backends\imgui_impl_win32.cpp">
      <Filter>Helpers\Dear ImGui\backends</Filter>
    </ClCompile>
  </ItemGroup>
  <ItemGroup>
    <ClInclude Include="Helpers\GameLoopWalker.hpp">
      <Filter>Helpers</Filter>
    </ClInclude>
    <ClInclude Include="Helpers\WndProcWalker.hpp">
      <Filter>Helpers</Filter>
    </ClInclude>
    <ClInclude Include="Helpers\DirectXWalker.hpp">
      <Filter>Helpers</Filter>
    </ClInclude>
    <ClInclude Include="Helpers\Dear ImGui\imstb_truetype.h">
      <Filter>Helpers\Dear ImGui</Filter>
    </ClInclude>
    <ClInclude Include="Helpers\Dear ImGui\misc\freetype\imgui_freetype.h">
      <Filter>Helpers\Dear ImGui\misc\freetype</Filter>
    </ClInclude>
    <ClInclude Include="Helpers\Dear ImGui\misc\fonts\OpenSans-SemiBold.hpp">
      <Filter>Helpers\Dear ImGui\misc\fonts</Filter>
    </ClInclude>
    <ClInclude Include="Helpers\Dear ImGui\misc\fonts\OpenSans-Regular.hpp">
      <Filter>Helpers\Dear ImGui\misc\fonts</Filter>
    </ClInclude>
    <ClInclude Include="Main.hpp" />
    <ClInclude Include="_vs\macros.h">
      <Filter>_vs</Filter>
    </ClInclude>
    <ClInclude Include="_vs\pch.h">
      <Filter>_vs</Filter>
    </ClInclude>
    <ClInclude Include="_vs\seh_handler.h">
      <Filter>_vs</Filter>
    </ClInclude>
    <ClInclude Include="Helpers\Dear ImGui\imconfig.h">
      <Filter>Helpers\Dear ImGui</Filter>
    </ClInclude>
    <ClInclude Include="Helpers\Dear ImGui\imgui.h">
      <Filter>Helpers\Dear ImGui</Filter>
    </ClInclude>
    <ClInclude Include="Helpers\Dear ImGui\imgui_internal.h">
      <Filter>Helpers\Dear ImGui</Filter>
    </ClInclude>
    <ClInclude Include="Helpers\Dear ImGui\imstb_rectpack.h">
      <Filter>Helpers\Dear ImGui</Filter>
    </ClInclude>
    <ClInclude Include="Helpers\Dear ImGui\imstb_textedit.h">
      <Filter>Helpers\Dear ImGui</Filter>
    </ClInclude>
    <ClInclude Include="Helpers\Dear ImGui\backends\imgui_impl_dx9.h">
      <Filter>Helpers\Dear ImGui\backends</Filter>
    </ClInclude>
    <ClInclude Include="Helpers\Dear ImGui\backends\imgui_impl_win32.h">
      <Filter>Helpers\Dear ImGui\backends</Filter>
    </ClInclude>
  </ItemGroup>
  <ItemGroup>
    <Filter Include="_win32entry">
      <UniqueIdentifier>{afdb3792-6716-4629-9b2a-33bf24adb96a}</UniqueIdentifier>
    </Filter>
    <Filter Include="Helpers">
      <UniqueIdentifier>{d10d6911-e6a4-481e-97bc-095a62a8b648}</UniqueIdentifier>
    </Filter>
    <Filter Include="Helpers\Dear ImGui">
      <UniqueIdentifier>{42397f28-9868-4da0-bd08-899c2644ec74}</UniqueIdentifier>
    </Filter>
    <Filter Include="Helpers\Dear ImGui\misc">
      <UniqueIdentifier>{a5279a28-6254-435e-8d34-ba595315ad93}</UniqueIdentifier>
    </Filter>
    <Filter Include="Helpers\Dear ImGui\misc\freetype">
      <UniqueIdentifier>{635d1189-c3fa-49ed-a985-2b3c321d66a6}</UniqueIdentifier>
    </Filter>
    <Filter Include="Helpers\Dear ImGui\misc\fonts">
      <UniqueIdentifier>{7d65ecea-3937-488e-b492-2293f27b0543}</UniqueIdentifier>
    </Filter>
    <Filter Include="_vs">
      <UniqueIdentifier>{3c881576-6db3-4072-bd8b-36b89d0b0b89}</UniqueIdentifier>
    </Filter>
    <Filter Include="Helpers\Dear ImGui\backends">
      <UniqueIdentifier>{fb66e30e-2989-4632-9943-0bc7a2856c98}</UniqueIdentifier>
    </Filter>
  </ItemGroup>
  <ItemGroup>
    <Natvis Include="Helpers\Dear ImGui\misc\imgui.natvis">
      <Filter>Helpers\Dear ImGui\misc</Filter>
    </Natvis>
  </ItemGroup>
</Project>